{
  "object": {
    "pins": [
      {
        "package": "OpenFeature",
        "repositoryURL": "git@github.com:spotify/openfeature-swift-sdk.git",
        "state": {
          "branch": null,
          "revision": "4e28848bb63cf8ebea3b2104790b66474b77f706",
          "version": "0.2.1"
        }
      }
    ]
  },
  "version": 1
}
