{
  "object": {
    "pins": [
      {
        "package": "OpenFeature",
        "repositoryURL": "git@github.com:spotify/openfeature-swift-sdk.git",
        "state": {
          "branch": null,
          "revision": "d89152f36ff6f021a1b8de46caa51b22496e5abc",
          "version": "0.2.4"
        }
      }
    ]
  },
  "version": 1
}
