{
  "object": {
    "pins": [
      {
        "package": "OpenFeature",
        "repositoryURL": "https://github.com/open-feature/swift-sdk.git",
        "state": {
          "branch": null,
          "revision": "2a7cf8a106bd5beb6d1508546d2c5ef1b6dab865",
          "version": "0.3.1"
        }
      }
    ]
  },
  "version": 1
}
