{
  "object": {
    "pins": [
      {
        "package": "OpenFeature",
        "repositoryURL": "git@github.com:spotify/openfeature-swift-sdk.git",
        "state": {
          "branch": null,
          "revision": "ef8dd46fb9623fc85b0b75788def006f7b59132c",
          "version": "0.2.5"
        }
      }
    ]
  },
  "version": 1
}
