{
  "object": {
    "pins": [
      {
        "package": "OpenFeature",
        "repositoryURL": "git@github.com:open-feature/swift-sdk.git",
        "state": {
          "branch": null,
          "revision": "114321e376b3d80e6623c5cbd7e8bcef9c6a86d2",
          "version": "0.0.2"
        }
      }
    ]
  },
  "version": 1
}
