// !$*UTF8*$!
{
	archiveVersion = 1;
	classes = {
	};
	objectVersion = 60;
	objects = {

/* Begin PBXBuildFile section */
		73FE9AD52B95C795008C5FCF /* Confidence in Frameworks */ = {isa = PBXBuildFile; productRef = 73FE9AD42B95C795008C5FCF /* Confidence */; };
		73FE9AD82B95C7E3008C5FCF /* Confidence in Frameworks */ = {isa = PBXBuildFile; productRef = 73FE9AD72B95C7E3008C5FCF /* Confidence */; };
		C770C99A2A739FBC00C2AC8C /* Preview Assets.xcassets in Resources */ = {isa = PBXBuildFile; fileRef = C770C9962A739FBC00C2AC8C /* Preview Assets.xcassets */; };
		C770C99B2A739FBC00C2AC8C /* ConfidenceDemoApp.swift in Sources */ = {isa = PBXBuildFile; fileRef = C770C9972A739FBC00C2AC8C /* ConfidenceDemoApp.swift */; };
		C770C99C2A739FBC00C2AC8C /* ContentView.swift in Sources */ = {isa = PBXBuildFile; fileRef = C770C9982A739FBC00C2AC8C /* ContentView.swift */; };
		C770C99D2A739FBC00C2AC8C /* Assets.xcassets in Resources */ = {isa = PBXBuildFile; fileRef = C770C9992A739FBC00C2AC8C /* Assets.xcassets */; };
		C770C99F2A739FCE00C2AC8C /* ConfidenceDemoTests.swift in Sources */ = {isa = PBXBuildFile; fileRef = C770C99E2A739FCE00C2AC8C /* ConfidenceDemoTests.swift */; };
		C770C9A22A739FDF00C2AC8C /* ConfidenceDemoUITests.swift in Sources */ = {isa = PBXBuildFile; fileRef = C770C9A02A739FDF00C2AC8C /* ConfidenceDemoUITests.swift */; };
		C770C9A32A739FDF00C2AC8C /* ConfidenceDemoUITestsLaunchTests.swift in Sources */ = {isa = PBXBuildFile; fileRef = C770C9A12A739FDF00C2AC8C /* ConfidenceDemoUITestsLaunchTests.swift */; };
/* End PBXBuildFile section */

/* Begin PBXContainerItemProxy section */
		C770C9792A739FA100C2AC8C /* PBXContainerItemProxy */ = {
			isa = PBXContainerItemProxy;
			containerPortal = C770C9602A739FA000C2AC8C /* Project object */;
			proxyType = 1;
			remoteGlobalIDString = C770C9672A739FA000C2AC8C;
			remoteInfo = ConfidenceDemoApp;
		};
		C770C9832A739FA100C2AC8C /* PBXContainerItemProxy */ = {
			isa = PBXContainerItemProxy;
			containerPortal = C770C9602A739FA000C2AC8C /* Project object */;
			proxyType = 1;
			remoteGlobalIDString = C770C9672A739FA000C2AC8C;
			remoteInfo = ConfidenceDemoApp;
		};
/* End PBXContainerItemProxy section */

/* Begin PBXFileReference section */
		73CF42232B91EFC30051D9A0 /* Package.swift */ = {isa = PBXFileReference; lastKnownFileType = sourcecode.swift; name = Package.swift; path = ../Package.swift; sourceTree = "<group>"; };
		C770C9682A739FA000C2AC8C /* ConfidenceDemoApp.app */ = {isa = PBXFileReference; explicitFileType = wrapper.application; includeInIndex = 0; path = ConfidenceDemoApp.app; sourceTree = BUILT_PRODUCTS_DIR; };
		C770C9782A739FA100C2AC8C /* ConfidenceDemoAppTests.xctest */ = {isa = PBXFileReference; explicitFileType = wrapper.cfbundle; includeInIndex = 0; path = ConfidenceDemoAppTests.xctest; sourceTree = BUILT_PRODUCTS_DIR; };
		C770C9822A739FA100C2AC8C /* ConfidenceDemoAppUITests.xctest */ = {isa = PBXFileReference; explicitFileType = wrapper.cfbundle; includeInIndex = 0; path = ConfidenceDemoAppUITests.xctest; sourceTree = BUILT_PRODUCTS_DIR; };
		C770C9962A739FBC00C2AC8C /* Preview Assets.xcassets */ = {isa = PBXFileReference; lastKnownFileType = folder.assetcatalog; path = "Preview Assets.xcassets"; sourceTree = "<group>"; };
		C770C9972A739FBC00C2AC8C /* ConfidenceDemoApp.swift */ = {isa = PBXFileReference; fileEncoding = 4; lastKnownFileType = sourcecode.swift; path = ConfidenceDemoApp.swift; sourceTree = "<group>"; };
		C770C9982A739FBC00C2AC8C /* ContentView.swift */ = {isa = PBXFileReference; fileEncoding = 4; lastKnownFileType = sourcecode.swift; path = ContentView.swift; sourceTree = "<group>"; };
		C770C9992A739FBC00C2AC8C /* Assets.xcassets */ = {isa = PBXFileReference; lastKnownFileType = folder.assetcatalog; path = Assets.xcassets; sourceTree = "<group>"; };
		C770C99E2A739FCE00C2AC8C /* ConfidenceDemoTests.swift */ = {isa = PBXFileReference; fileEncoding = 4; lastKnownFileType = sourcecode.swift; path = ConfidenceDemoTests.swift; sourceTree = "<group>"; };
		C770C9A02A739FDF00C2AC8C /* ConfidenceDemoUITests.swift */ = {isa = PBXFileReference; fileEncoding = 4; lastKnownFileType = sourcecode.swift; path = ConfidenceDemoUITests.swift; sourceTree = "<group>"; };
		C770C9A12A739FDF00C2AC8C /* ConfidenceDemoUITestsLaunchTests.swift */ = {isa = PBXFileReference; fileEncoding = 4; lastKnownFileType = sourcecode.swift; path = ConfidenceDemoUITestsLaunchTests.swift; sourceTree = "<group>"; };
		C770C9A92A73A04B00C2AC8C /* confidence-openfeature-provider-swift */ = {isa = PBXFileReference; lastKnownFileType = wrapper; name = "confidence-openfeature-provider-swift"; path = ..; sourceTree = "<group>"; };
		C770C9AA2A73A06000C2AC8C /* Info.plist */ = {isa = PBXFileReference; lastKnownFileType = text.plist; path = Info.plist; sourceTree = "<group>"; };
/* End PBXFileReference section */

/* Begin PBXFrameworksBuildPhase section */
		C770C9652A739FA000C2AC8C /* Frameworks */ = {
			isa = PBXFrameworksBuildPhase;
			buildActionMask = 2147483647;
			files = (
				73FE9AD82B95C7E3008C5FCF /* Confidence in Frameworks */,
				73FE9AD52B95C795008C5FCF /* Confidence in Frameworks */,
			);
			runOnlyForDeploymentPostprocessing = 0;
		};
		C770C9752A739FA100C2AC8C /* Frameworks */ = {
			isa = PBXFrameworksBuildPhase;
			buildActionMask = 2147483647;
			files = (
			);
			runOnlyForDeploymentPostprocessing = 0;
		};
		C770C97F2A739FA100C2AC8C /* Frameworks */ = {
			isa = PBXFrameworksBuildPhase;
			buildActionMask = 2147483647;
			files = (
			);
			runOnlyForDeploymentPostprocessing = 0;
		};
/* End PBXFrameworksBuildPhase section */

/* Begin PBXGroup section */
		C770C95F2A739FA000C2AC8C = {
			isa = PBXGroup;
			children = (
				C770C9A82A73A04B00C2AC8C /* Packages */,
				C770C96A2A739FA000C2AC8C /* ConfidenceDemoApp */,
				C770C97B2A739FA100C2AC8C /* ConfidenceDemoAppTests */,
				C770C9852A739FA100C2AC8C /* ConfidenceDemoAppUITests */,
				C770C9692A739FA000C2AC8C /* Products */,
				C770C9AB2A73A06600C2AC8C /* Frameworks */,
			);
			sourceTree = "<group>";
		};
		C770C9692A739FA000C2AC8C /* Products */ = {
			isa = PBXGroup;
			children = (
				C770C9682A739FA000C2AC8C /* ConfidenceDemoApp.app */,
				C770C9782A739FA100C2AC8C /* ConfidenceDemoAppTests.xctest */,
				C770C9822A739FA100C2AC8C /* ConfidenceDemoAppUITests.xctest */,
			);
			name = Products;
			sourceTree = "<group>";
		};
		C770C96A2A739FA000C2AC8C /* ConfidenceDemoApp */ = {
			isa = PBXGroup;
			children = (
				C770C9AA2A73A06000C2AC8C /* Info.plist */,
				C770C9992A739FBC00C2AC8C /* Assets.xcassets */,
				C770C9972A739FBC00C2AC8C /* ConfidenceDemoApp.swift */,
				C770C9982A739FBC00C2AC8C /* ContentView.swift */,
				C770C9952A739FBC00C2AC8C /* Preview Content */,
			);
			path = ConfidenceDemoApp;
			sourceTree = "<group>";
		};
		C770C97B2A739FA100C2AC8C /* ConfidenceDemoAppTests */ = {
			isa = PBXGroup;
			children = (
				C770C99E2A739FCE00C2AC8C /* ConfidenceDemoTests.swift */,
			);
			path = ConfidenceDemoAppTests;
			sourceTree = "<group>";
		};
		C770C9852A739FA100C2AC8C /* ConfidenceDemoAppUITests */ = {
			isa = PBXGroup;
			children = (
				C770C9A02A739FDF00C2AC8C /* ConfidenceDemoUITests.swift */,
				C770C9A12A739FDF00C2AC8C /* ConfidenceDemoUITestsLaunchTests.swift */,
			);
			path = ConfidenceDemoAppUITests;
			sourceTree = "<group>";
		};
		C770C9952A739FBC00C2AC8C /* Preview Content */ = {
			isa = PBXGroup;
			children = (
				C770C9962A739FBC00C2AC8C /* Preview Assets.xcassets */,
			);
			path = "Preview Content";
			sourceTree = "<group>";
		};
		C770C9A82A73A04B00C2AC8C /* Packages */ = {
			isa = PBXGroup;
			children = (
				C770C9A92A73A04B00C2AC8C /* confidence-openfeature-provider-swift */,
			);
			name = Packages;
			sourceTree = "<group>";
		};
		C770C9AB2A73A06600C2AC8C /* Frameworks */ = {
			isa = PBXGroup;
			children = (
				73CF42232B91EFC30051D9A0 /* Package.swift */,
			);
			name = Frameworks;
			sourceTree = "<group>";
		};
/* End PBXGroup section */

/* Begin PBXNativeTarget section */
		C770C9672A739FA000C2AC8C /* ConfidenceDemoApp */ = {
			isa = PBXNativeTarget;
			buildConfigurationList = C770C98C2A739FA100C2AC8C /* Build configuration list for PBXNativeTarget "ConfidenceDemoApp" */;
			buildPhases = (
				C770C9642A739FA000C2AC8C /* Sources */,
				C770C9652A739FA000C2AC8C /* Frameworks */,
				C770C9662A739FA000C2AC8C /* Resources */,
			);
			buildRules = (
			);
			dependencies = (
			);
			name = ConfidenceDemoApp;
			packageProductDependencies = (
				73FE9AD42B95C795008C5FCF /* Confidence */,
				73FE9AD72B95C7E3008C5FCF /* Confidence */,
			);
			productName = ConfidenceDemoApp;
			productReference = C770C9682A739FA000C2AC8C /* ConfidenceDemoApp.app */;
			productType = "com.apple.product-type.application";
		};
		C770C9772A739FA100C2AC8C /* ConfidenceDemoAppTests */ = {
			isa = PBXNativeTarget;
			buildConfigurationList = C770C98F2A739FA100C2AC8C /* Build configuration list for PBXNativeTarget "ConfidenceDemoAppTests" */;
			buildPhases = (
				C770C9742A739FA100C2AC8C /* Sources */,
				C770C9752A739FA100C2AC8C /* Frameworks */,
				C770C9762A739FA100C2AC8C /* Resources */,
			);
			buildRules = (
			);
			dependencies = (
				C770C97A2A739FA100C2AC8C /* PBXTargetDependency */,
			);
			name = ConfidenceDemoAppTests;
			productName = ConfidenceDemoAppTests;
			productReference = C770C9782A739FA100C2AC8C /* ConfidenceDemoAppTests.xctest */;
			productType = "com.apple.product-type.bundle.unit-test";
		};
		C770C9812A739FA100C2AC8C /* ConfidenceDemoAppUITests */ = {
			isa = PBXNativeTarget;
			buildConfigurationList = C770C9922A739FA100C2AC8C /* Build configuration list for PBXNativeTarget "ConfidenceDemoAppUITests" */;
			buildPhases = (
				C770C97E2A739FA100C2AC8C /* Sources */,
				C770C97F2A739FA100C2AC8C /* Frameworks */,
				C770C9802A739FA100C2AC8C /* Resources */,
			);
			buildRules = (
			);
			dependencies = (
				C770C9842A739FA100C2AC8C /* PBXTargetDependency */,
			);
			name = ConfidenceDemoAppUITests;
			productName = ConfidenceDemoAppUITests;
			productReference = C770C9822A739FA100C2AC8C /* ConfidenceDemoAppUITests.xctest */;
			productType = "com.apple.product-type.bundle.ui-testing";
		};
/* End PBXNativeTarget section */

/* Begin PBXProject section */
		C770C9602A739FA000C2AC8C /* Project object */ = {
			isa = PBXProject;
			attributes = {
				BuildIndependentTargetsInParallel = 1;
				LastSwiftUpdateCheck = 1420;
				LastUpgradeCheck = 1510;
				TargetAttributes = {
					C770C9672A739FA000C2AC8C = {
						CreatedOnToolsVersion = 14.2;
						LastSwiftMigration = 1420;
					};
					C770C9772A739FA100C2AC8C = {
						CreatedOnToolsVersion = 14.2;
						LastSwiftMigration = 1420;
						TestTargetID = C770C9672A739FA000C2AC8C;
					};
					C770C9812A739FA100C2AC8C = {
						CreatedOnToolsVersion = 14.2;
						LastSwiftMigration = 1420;
						TestTargetID = C770C9672A739FA000C2AC8C;
					};
				};
			};
			buildConfigurationList = C770C9632A739FA000C2AC8C /* Build configuration list for PBXProject "ConfidenceDemoApp" */;
			compatibilityVersion = "Xcode 14.0";
			developmentRegion = en;
			hasScannedForEncodings = 0;
			knownRegions = (
				en,
				Base,
			);
			mainGroup = C770C95F2A739FA000C2AC8C;
			packageReferences = (
				7381EC6D2B87444500BBBA79 /* XCRemoteSwiftPackageReference "swift-sdk" */,
				73FE9AD62B95C7E3008C5FCF /* XCLocalSwiftPackageReference ".." */,
			);
			productRefGroup = C770C9692A739FA000C2AC8C /* Products */;
			projectDirPath = "";
			projectRoot = "";
			targets = (
				C770C9672A739FA000C2AC8C /* ConfidenceDemoApp */,
				C770C9772A739FA100C2AC8C /* ConfidenceDemoAppTests */,
				C770C9812A739FA100C2AC8C /* ConfidenceDemoAppUITests */,
			);
		};
/* End PBXProject section */

/* Begin PBXResourcesBuildPhase section */
		C770C9662A739FA000C2AC8C /* Resources */ = {
			isa = PBXResourcesBuildPhase;
			buildActionMask = 2147483647;
			files = (
				C770C99D2A739FBC00C2AC8C /* Assets.xcassets in Resources */,
				C770C99A2A739FBC00C2AC8C /* Preview Assets.xcassets in Resources */,
			);
			runOnlyForDeploymentPostprocessing = 0;
		};
		C770C9762A739FA100C2AC8C /* Resources */ = {
			isa = PBXResourcesBuildPhase;
			buildActionMask = 2147483647;
			files = (
			);
			runOnlyForDeploymentPostprocessing = 0;
		};
		C770C9802A739FA100C2AC8C /* Resources */ = {
			isa = PBXResourcesBuildPhase;
			buildActionMask = 2147483647;
			files = (
			);
			runOnlyForDeploymentPostprocessing = 0;
		};
/* End PBXResourcesBuildPhase section */

/* Begin PBXSourcesBuildPhase section */
		C770C9642A739FA000C2AC8C /* Sources */ = {
			isa = PBXSourcesBuildPhase;
			buildActionMask = 2147483647;
			files = (
				C770C99C2A739FBC00C2AC8C /* ContentView.swift in Sources */,
				C770C99B2A739FBC00C2AC8C /* ConfidenceDemoApp.swift in Sources */,
			);
			runOnlyForDeploymentPostprocessing = 0;
		};
		C770C9742A739FA100C2AC8C /* Sources */ = {
			isa = PBXSourcesBuildPhase;
			buildActionMask = 2147483647;
			files = (
				C770C99F2A739FCE00C2AC8C /* ConfidenceDemoTests.swift in Sources */,
			);
			runOnlyForDeploymentPostprocessing = 0;
		};
		C770C97E2A739FA100C2AC8C /* Sources */ = {
			isa = PBXSourcesBuildPhase;
			buildActionMask = 2147483647;
			files = (
				C770C9A22A739FDF00C2AC8C /* ConfidenceDemoUITests.swift in Sources */,
				C770C9A32A739FDF00C2AC8C /* ConfidenceDemoUITestsLaunchTests.swift in Sources */,
			);
			runOnlyForDeploymentPostprocessing = 0;
		};
/* End PBXSourcesBuildPhase section */

/* Begin PBXTargetDependency section */
		C770C97A2A739FA100C2AC8C /* PBXTargetDependency */ = {
			isa = PBXTargetDependency;
			target = C770C9672A739FA000C2AC8C /* ConfidenceDemoApp */;
			targetProxy = C770C9792A739FA100C2AC8C /* PBXContainerItemProxy */;
		};
		C770C9842A739FA100C2AC8C /* PBXTargetDependency */ = {
			isa = PBXTargetDependency;
			target = C770C9672A739FA000C2AC8C /* ConfidenceDemoApp */;
			targetProxy = C770C9832A739FA100C2AC8C /* PBXContainerItemProxy */;
		};
/* End PBXTargetDependency section */

/* Begin XCBuildConfiguration section */
		C770C98A2A739FA100C2AC8C /* Debug */ = {
			isa = XCBuildConfiguration;
			buildSettings = {
				ALWAYS_SEARCH_USER_PATHS = NO;
				CLANG_ANALYZER_NONNULL = YES;
				CLANG_ANALYZER_NUMBER_OBJECT_CONVERSION = YES_AGGRESSIVE;
				CLANG_CXX_LANGUAGE_STANDARD = "gnu++20";
				CLANG_ENABLE_MODULES = YES;
				CLANG_ENABLE_OBJC_ARC = YES;
				CLANG_ENABLE_OBJC_WEAK = YES;
				CLANG_WARN_BLOCK_CAPTURE_AUTORELEASING = YES;
				CLANG_WARN_BOOL_CONVERSION = YES;
				CLANG_WARN_COMMA = YES;
				CLANG_WARN_CONSTANT_CONVERSION = YES;
				CLANG_WARN_DEPRECATED_OBJC_IMPLEMENTATIONS = YES;
				CLANG_WARN_DIRECT_OBJC_ISA_USAGE = YES_ERROR;
				CLANG_WARN_DOCUMENTATION_COMMENTS = YES;
				CLANG_WARN_EMPTY_BODY = YES;
				CLANG_WARN_ENUM_CONVERSION = YES;
				CLANG_WARN_INFINITE_RECURSION = YES;
				CLANG_WARN_INT_CONVERSION = YES;
				CLANG_WARN_NON_LITERAL_NULL_CONVERSION = YES;
				CLANG_WARN_OBJC_IMPLICIT_RETAIN_SELF = YES;
				CLANG_WARN_OBJC_LITERAL_CONVERSION = YES;
				CLANG_WARN_OBJC_ROOT_CLASS = YES_ERROR;
				CLANG_WARN_QUOTED_INCLUDE_IN_FRAMEWORK_HEADER = YES;
				CLANG_WARN_RANGE_LOOP_ANALYSIS = YES;
				CLANG_WARN_STRICT_PROTOTYPES = YES;
				CLANG_WARN_SUSPICIOUS_MOVE = YES;
				CLANG_WARN_UNGUARDED_AVAILABILITY = YES_AGGRESSIVE;
				CLANG_WARN_UNREACHABLE_CODE = YES;
				CLANG_WARN__DUPLICATE_METHOD_MATCH = YES;
				COPY_PHASE_STRIP = NO;
				DEBUG_INFORMATION_FORMAT = dwarf;
				ENABLE_STRICT_OBJC_MSGSEND = YES;
				ENABLE_TESTABILITY = YES;
				ENABLE_USER_SCRIPT_SANDBOXING = YES;
				GCC_C_LANGUAGE_STANDARD = gnu11;
				GCC_DYNAMIC_NO_PIC = NO;
				GCC_NO_COMMON_BLOCKS = YES;
				GCC_OPTIMIZATION_LEVEL = 0;
				GCC_PREPROCESSOR_DEFINITIONS = (
					"DEBUG=1",
					"$(inherited)",
				);
				GCC_WARN_64_TO_32_BIT_CONVERSION = YES;
				GCC_WARN_ABOUT_RETURN_TYPE = YES_ERROR;
				GCC_WARN_UNDECLARED_SELECTOR = YES;
				GCC_WARN_UNINITIALIZED_AUTOS = YES_AGGRESSIVE;
				GCC_WARN_UNUSED_FUNCTION = YES;
				GCC_WARN_UNUSED_VARIABLE = YES;
				IPHONEOS_DEPLOYMENT_TARGET = 16.2;
				MTL_ENABLE_DEBUG_INFO = INCLUDE_SOURCE;
				MTL_FAST_MATH = YES;
				ONLY_ACTIVE_ARCH = YES;
				SDKROOT = iphoneos;
				SWIFT_ACTIVE_COMPILATION_CONDITIONS = DEBUG;
				SWIFT_OPTIMIZATION_LEVEL = "-Onone";
			};
			name = Debug;
		};
		C770C98B2A739FA100C2AC8C /* Release */ = {
			isa = XCBuildConfiguration;
			buildSettings = {
				ALWAYS_SEARCH_USER_PATHS = NO;
				CLANG_ANALYZER_NONNULL = YES;
				CLANG_ANALYZER_NUMBER_OBJECT_CONVERSION = YES_AGGRESSIVE;
				CLANG_CXX_LANGUAGE_STANDARD = "gnu++20";
				CLANG_ENABLE_MODULES = YES;
				CLANG_ENABLE_OBJC_ARC = YES;
				CLANG_ENABLE_OBJC_WEAK = YES;
				CLANG_WARN_BLOCK_CAPTURE_AUTORELEASING = YES;
				CLANG_WARN_BOOL_CONVERSION = YES;
				CLANG_WARN_COMMA = YES;
				CLANG_WARN_CONSTANT_CONVERSION = YES;
				CLANG_WARN_DEPRECATED_OBJC_IMPLEMENTATIONS = YES;
				CLANG_WARN_DIRECT_OBJC_ISA_USAGE = YES_ERROR;
				CLANG_WARN_DOCUMENTATION_COMMENTS = YES;
				CLANG_WARN_EMPTY_BODY = YES;
				CLANG_WARN_ENUM_CONVERSION = YES;
				CLANG_WARN_INFINITE_RECURSION = YES;
				CLANG_WARN_INT_CONVERSION = YES;
				CLANG_WARN_NON_LITERAL_NULL_CONVERSION = YES;
				CLANG_WARN_OBJC_IMPLICIT_RETAIN_SELF = YES;
				CLANG_WARN_OBJC_LITERAL_CONVERSION = YES;
				CLANG_WARN_OBJC_ROOT_CLASS = YES_ERROR;
				CLANG_WARN_QUOTED_INCLUDE_IN_FRAMEWORK_HEADER = YES;
				CLANG_WARN_RANGE_LOOP_ANALYSIS = YES;
				CLANG_WARN_STRICT_PROTOTYPES = YES;
				CLANG_WARN_SUSPICIOUS_MOVE = YES;
				CLANG_WARN_UNGUARDED_AVAILABILITY = YES_AGGRESSIVE;
				CLANG_WARN_UNREACHABLE_CODE = YES;
				CLANG_WARN__DUPLICATE_METHOD_MATCH = YES;
				COPY_PHASE_STRIP = NO;
				DEBUG_INFORMATION_FORMAT = "dwarf-with-dsym";
				ENABLE_NS_ASSERTIONS = NO;
				ENABLE_STRICT_OBJC_MSGSEND = YES;
				ENABLE_USER_SCRIPT_SANDBOXING = YES;
				GCC_C_LANGUAGE_STANDARD = gnu11;
				GCC_NO_COMMON_BLOCKS = YES;
				GCC_WARN_64_TO_32_BIT_CONVERSION = YES;
				GCC_WARN_ABOUT_RETURN_TYPE = YES_ERROR;
				GCC_WARN_UNDECLARED_SELECTOR = YES;
				GCC_WARN_UNINITIALIZED_AUTOS = YES_AGGRESSIVE;
				GCC_WARN_UNUSED_FUNCTION = YES;
				GCC_WARN_UNUSED_VARIABLE = YES;
				IPHONEOS_DEPLOYMENT_TARGET = 16.2;
				MTL_ENABLE_DEBUG_INFO = NO;
				MTL_FAST_MATH = YES;
				SDKROOT = iphoneos;
				SWIFT_COMPILATION_MODE = wholemodule;
				SWIFT_OPTIMIZATION_LEVEL = "-O";
				VALIDATE_PRODUCT = YES;
			};
			name = Release;
		};
		C770C98D2A739FA100C2AC8C /* Debug */ = {
			isa = XCBuildConfiguration;
			buildSettings = {
				ASSETCATALOG_COMPILER_APPICON_NAME = AppIcon;
				ASSETCATALOG_COMPILER_GLOBAL_ACCENT_COLOR_NAME = AccentColor;
				CLANG_ENABLE_MODULES = YES;
				CODE_SIGN_STYLE = Automatic;
				CURRENT_PROJECT_VERSION = 1;
				DEVELOPMENT_ASSET_PATHS = "\"ConfidenceDemoApp/Preview Content\"";
				DEVELOPMENT_TEAM = F7RQ5BGG24;
				ENABLE_PREVIEWS = YES;
				GENERATE_INFOPLIST_FILE = YES;
				INFOPLIST_FILE = ConfidenceDemoApp/Info.plist;
				INFOPLIST_KEY_UIApplicationSceneManifest_Generation = YES;
				INFOPLIST_KEY_UIApplicationSupportsIndirectInputEvents = YES;
				INFOPLIST_KEY_UILaunchScreen_Generation = YES;
				INFOPLIST_KEY_UISupportedInterfaceOrientations_iPad = "UIInterfaceOrientationPortrait UIInterfaceOrientationPortraitUpsideDown UIInterfaceOrientationLandscapeLeft UIInterfaceOrientationLandscapeRight";
				INFOPLIST_KEY_UISupportedInterfaceOrientations_iPhone = "UIInterfaceOrientationPortrait UIInterfaceOrientationLandscapeLeft UIInterfaceOrientationLandscapeRight";
				LD_RUNPATH_SEARCH_PATHS = (
					"$(inherited)",
					"@executable_path/Frameworks",
				);
				MARKETING_VERSION = 1.0;
				PRODUCT_BUNDLE_IDENTIFIER = "test.Confidence-Demo.ConfidenceDemoApp";
				PRODUCT_NAME = "$(TARGET_NAME)";
				SWIFT_EMIT_LOC_STRINGS = YES;
				SWIFT_OPTIMIZATION_LEVEL = "-Onone";
				SWIFT_VERSION = 5.0;
				TARGETED_DEVICE_FAMILY = "1,2";
			};
			name = Debug;
		};
		C770C98E2A739FA100C2AC8C /* Release */ = {
			isa = XCBuildConfiguration;
			buildSettings = {
				ASSETCATALOG_COMPILER_APPICON_NAME = AppIcon;
				ASSETCATALOG_COMPILER_GLOBAL_ACCENT_COLOR_NAME = AccentColor;
				CLANG_ENABLE_MODULES = YES;
				CODE_SIGN_STYLE = Automatic;
				CURRENT_PROJECT_VERSION = 1;
				DEVELOPMENT_ASSET_PATHS = "\"ConfidenceDemoApp/Preview Content\"";
				DEVELOPMENT_TEAM = F7RQ5BGG24;
				ENABLE_PREVIEWS = YES;
				GENERATE_INFOPLIST_FILE = YES;
				INFOPLIST_FILE = ConfidenceDemoApp/Info.plist;
				INFOPLIST_KEY_UIApplicationSceneManifest_Generation = YES;
				INFOPLIST_KEY_UIApplicationSupportsIndirectInputEvents = YES;
				INFOPLIST_KEY_UILaunchScreen_Generation = YES;
				INFOPLIST_KEY_UISupportedInterfaceOrientations_iPad = "UIInterfaceOrientationPortrait UIInterfaceOrientationPortraitUpsideDown UIInterfaceOrientationLandscapeLeft UIInterfaceOrientationLandscapeRight";
				INFOPLIST_KEY_UISupportedInterfaceOrientations_iPhone = "UIInterfaceOrientationPortrait UIInterfaceOrientationLandscapeLeft UIInterfaceOrientationLandscapeRight";
				LD_RUNPATH_SEARCH_PATHS = (
					"$(inherited)",
					"@executable_path/Frameworks",
				);
				MARKETING_VERSION = 1.0;
				PRODUCT_BUNDLE_IDENTIFIER = "test.Confidence-Demo.ConfidenceDemoApp";
				PRODUCT_NAME = "$(TARGET_NAME)";
				SWIFT_EMIT_LOC_STRINGS = YES;
				SWIFT_VERSION = 5.0;
				TARGETED_DEVICE_FAMILY = "1,2";
			};
			name = Release;
		};
		C770C9902A739FA100C2AC8C /* Debug */ = {
			isa = XCBuildConfiguration;
			buildSettings = {
				ALWAYS_EMBED_SWIFT_STANDARD_LIBRARIES = YES;
				BUNDLE_LOADER = "$(TEST_HOST)";
				CLANG_ENABLE_MODULES = YES;
				CODE_SIGN_STYLE = Automatic;
				CURRENT_PROJECT_VERSION = 1;
				GENERATE_INFOPLIST_FILE = YES;
				IPHONEOS_DEPLOYMENT_TARGET = 16.2;
				LD_RUNPATH_SEARCH_PATHS = (
					"$(inherited)",
					"@executable_path/Frameworks",
					"@loader_path/Frameworks",
				);
				MARKETING_VERSION = 1.0;
				PRODUCT_BUNDLE_IDENTIFIER = "test.Confidence-Demo.ConfidenceDemoAppTests";
				PRODUCT_NAME = "$(TARGET_NAME)";
				SWIFT_EMIT_LOC_STRINGS = NO;
				SWIFT_OPTIMIZATION_LEVEL = "-Onone";
				SWIFT_VERSION = 5.0;
				TARGETED_DEVICE_FAMILY = "1,2";
				TEST_HOST = "$(BUILT_PRODUCTS_DIR)/ConfidenceDemoApp.app/$(BUNDLE_EXECUTABLE_FOLDER_PATH)/ConfidenceDemoApp";
			};
			name = Debug;
		};
		C770C9912A739FA100C2AC8C /* Release */ = {
			isa = XCBuildConfiguration;
			buildSettings = {
				ALWAYS_EMBED_SWIFT_STANDARD_LIBRARIES = YES;
				BUNDLE_LOADER = "$(TEST_HOST)";
				CLANG_ENABLE_MODULES = YES;
				CODE_SIGN_STYLE = Automatic;
				CURRENT_PROJECT_VERSION = 1;
				GENERATE_INFOPLIST_FILE = YES;
				IPHONEOS_DEPLOYMENT_TARGET = 16.2;
				LD_RUNPATH_SEARCH_PATHS = (
					"$(inherited)",
					"@executable_path/Frameworks",
					"@loader_path/Frameworks",
				);
				MARKETING_VERSION = 1.0;
				PRODUCT_BUNDLE_IDENTIFIER = "test.Confidence-Demo.ConfidenceDemoAppTests";
				PRODUCT_NAME = "$(TARGET_NAME)";
				SWIFT_EMIT_LOC_STRINGS = NO;
				SWIFT_VERSION = 5.0;
				TARGETED_DEVICE_FAMILY = "1,2";
				TEST_HOST = "$(BUILT_PRODUCTS_DIR)/ConfidenceDemoApp.app/$(BUNDLE_EXECUTABLE_FOLDER_PATH)/ConfidenceDemoApp";
			};
			name = Release;
		};
		C770C9932A739FA100C2AC8C /* Debug */ = {
			isa = XCBuildConfiguration;
			buildSettings = {
				ALWAYS_EMBED_SWIFT_STANDARD_LIBRARIES = YES;
				CLANG_ENABLE_MODULES = YES;
				CODE_SIGN_STYLE = Automatic;
				CURRENT_PROJECT_VERSION = 1;
				GENERATE_INFOPLIST_FILE = YES;
				LD_RUNPATH_SEARCH_PATHS = (
					"$(inherited)",
					"@executable_path/Frameworks",
					"@loader_path/Frameworks",
				);
				MARKETING_VERSION = 1.0;
				PRODUCT_BUNDLE_IDENTIFIER = "test.Confidence-Demo.ConfidenceDemoAppUITests";
				PRODUCT_NAME = "$(TARGET_NAME)";
				SWIFT_EMIT_LOC_STRINGS = NO;
				SWIFT_OPTIMIZATION_LEVEL = "-Onone";
				SWIFT_VERSION = 5.0;
				TARGETED_DEVICE_FAMILY = "1,2";
				TEST_TARGET_NAME = ConfidenceDemoApp;
			};
			name = Debug;
		};
		C770C9942A739FA100C2AC8C /* Release */ = {
			isa = XCBuildConfiguration;
			buildSettings = {
				ALWAYS_EMBED_SWIFT_STANDARD_LIBRARIES = YES;
				CLANG_ENABLE_MODULES = YES;
				CODE_SIGN_STYLE = Automatic;
				CURRENT_PROJECT_VERSION = 1;
				GENERATE_INFOPLIST_FILE = YES;
				LD_RUNPATH_SEARCH_PATHS = (
					"$(inherited)",
					"@executable_path/Frameworks",
					"@loader_path/Frameworks",
				);
				MARKETING_VERSION = 1.0;
				PRODUCT_BUNDLE_IDENTIFIER = "test.Confidence-Demo.ConfidenceDemoAppUITests";
				PRODUCT_NAME = "$(TARGET_NAME)";
				SWIFT_EMIT_LOC_STRINGS = NO;
				SWIFT_VERSION = 5.0;
				TARGETED_DEVICE_FAMILY = "1,2";
				TEST_TARGET_NAME = ConfidenceDemoApp;
			};
			name = Release;
		};
/* End XCBuildConfiguration section */

/* Begin XCConfigurationList section */
		C770C9632A739FA000C2AC8C /* Build configuration list for PBXProject "ConfidenceDemoApp" */ = {
			isa = XCConfigurationList;
			buildConfigurations = (
				C770C98A2A739FA100C2AC8C /* Debug */,
				C770C98B2A739FA100C2AC8C /* Release */,
			);
			defaultConfigurationIsVisible = 0;
			defaultConfigurationName = Release;
		};
		C770C98C2A739FA100C2AC8C /* Build configuration list for PBXNativeTarget "ConfidenceDemoApp" */ = {
			isa = XCConfigurationList;
			buildConfigurations = (
				C770C98D2A739FA100C2AC8C /* Debug */,
				C770C98E2A739FA100C2AC8C /* Release */,
			);
			defaultConfigurationIsVisible = 0;
			defaultConfigurationName = Release;
		};
		C770C98F2A739FA100C2AC8C /* Build configuration list for PBXNativeTarget "ConfidenceDemoAppTests" */ = {
			isa = XCConfigurationList;
			buildConfigurations = (
				C770C9902A739FA100C2AC8C /* Debug */,
				C770C9912A739FA100C2AC8C /* Release */,
			);
			defaultConfigurationIsVisible = 0;
			defaultConfigurationName = Release;
		};
		C770C9922A739FA100C2AC8C /* Build configuration list for PBXNativeTarget "ConfidenceDemoAppUITests" */ = {
			isa = XCConfigurationList;
			buildConfigurations = (
				C770C9932A739FA100C2AC8C /* Debug */,
				C770C9942A739FA100C2AC8C /* Release */,
			);
			defaultConfigurationIsVisible = 0;
			defaultConfigurationName = Release;
		};
/* End XCConfigurationList section */

/* Begin XCLocalSwiftPackageReference section */
		73FE9AD62B95C7E3008C5FCF /* XCLocalSwiftPackageReference ".." */ = {
			isa = XCLocalSwiftPackageReference;
			relativePath = ..;
		};
/* End XCLocalSwiftPackageReference section */

/* Begin XCRemoteSwiftPackageReference section */
		7381EC6D2B87444500BBBA79 /* XCRemoteSwiftPackageReference "swift-sdk" */ = {
			isa = XCRemoteSwiftPackageReference;
			repositoryURL = "https://github.com/open-feature/swift-sdk";
			requirement = {
				kind = upToNextMajorVersion;
				minimumVersion = 0.1.0;
			};
		};
/* End XCRemoteSwiftPackageReference section */

/* Begin XCSwiftPackageProductDependency section */
		73FE9AD42B95C795008C5FCF /* Confidence */ = {
			isa = XCSwiftPackageProductDependency;
			productName = Confidence;
		};
		73FE9AD72B95C7E3008C5FCF /* Confidence */ = {
			isa = XCSwiftPackageProductDependency;
			productName = Confidence;
		};
/* End XCSwiftPackageProductDependency section */
	};
	rootObject = C770C9602A739FA000C2AC8C /* Project object */;
}
